// !$*UTF8*$!
{
	archiveVersion = 1;
	classes = {
	};
	objectVersion = 56;
	objects = {

/* Begin PBXBuildFile section */
		140994225D709BD8F842C6AD /* FilesTabView.swift in Sources */ = {isa = PBXBuildFile; fileRef = 91DF7CEB3935B064EB9F08C4 /* FilesTabView.swift */; };
		1B316363CEAD65B04C2B7444 /* FilesViewModel.swift in Sources */ = {isa = PBXBuildFile; fileRef = A91E111A109AE89D53D83AF2 /* FilesViewModel.swift */; };
		3F5297BE733FF60DA76A7F2E /* TranslationManager.swift in Sources */ = {isa = PBXBuildFile; fileRef = 5EED09D59665F8EC8D3E838F /* TranslationManager.swift */; };
		410619A7E15252E1D093A443 /* TranscriptDetailView.swift in Sources */ = {isa = PBXBuildFile; fileRef = AFF9A55C2EF1C2E82845E4BB /* TranscriptDetailView.swift */; };
		542BA0798965907613B0456D /* User.swift in Sources */ = {isa = PBXBuildFile; fileRef = 63DA48EBDA584557E81CC698 /* User.swift */; };
		601FA1B439BB229F49D24511 /* AudioRecordingManager.swift in Sources */ = {isa = PBXBuildFile; fileRef = FAF654D674765CF9D6738BD7 /* AudioRecordingManager.swift */; };
		616E1A7C5136B5D79D1900C2 /* LanguageSelectorView.swift in Sources */ = {isa = PBXBuildFile; fileRef = 10BA415C1F9EFBE8E733899A /* LanguageSelectorView.swift */; };
		8F0A8DD183A68F42C11889BA /* AppEnvironment.swift in Sources */ = {isa = PBXBuildFile; fileRef = 01D14D9BA73EB1371BE01830 /* AppEnvironment.swift */; };
		9A32F2FE615B5635C9D2D536 /* TranscriptView.swift in Sources */ = {isa = PBXBuildFile; fileRef = EE6BE9F89DA38F5D619AEC79 /* TranscriptView.swift */; };
		A10000001 /* ForgeIQApp.swift in Sources */ = {isa = PBXBuildFile; fileRef = A20000001 /* ForgeIQApp.swift */; };
		A10000002 /* ContentView.swift in Sources */ = {isa = PBXBuildFile; fileRef = A20000002 /* ContentView.swift */; };
		A10000003 /* Assets.xcassets in Resources */ = {isa = PBXBuildFile; fileRef = A20000003 /* Assets.xcassets */; };
		A1287D0B0D66C2CC26CEE62F /* Recording.swift in Sources */ = {isa = PBXBuildFile; fileRef = 633E8225A7C579D26A244EDD /* Recording.swift */; };
		A1C64DD6D35D0ECC9CE71B91 /* HomeViewModel.swift in Sources */ = {isa = PBXBuildFile; fileRef = FB687F0D13FB153666CAC978 /* HomeViewModel.swift */; };
		C12F1B35EEF6D55D5686486A /* Constants.swift in Sources */ = {isa = PBXBuildFile; fileRef = C29098CC3AC565919EA9C061 /* Constants.swift */; };
		CDC954BEF2DC6EE0764558DE /* HomeView.swift in Sources */ = {isa = PBXBuildFile; fileRef = F5FEA49FE159A6506CE53D39 /* HomeView.swift */; };
		E167E59B2EE02554BF19B62F /* Transcript.swift in Sources */ = {isa = PBXBuildFile; fileRef = 973B5F87FAFFF384275659BA /* Transcript.swift */; };
		E7E19B52FE5CF946F0A13B43 /* WaveformView.swift in Sources */ = {isa = PBXBuildFile; fileRef = 6A17F5E98BF86E078CB61309 /* WaveformView.swift */; };
		EAE5DB752799252DB03C4676 /* SpeechTranscriptionManager.swift in Sources */ = {isa = PBXBuildFile; fileRef = 2F93B3D3E4A230BF907D43D9 /* SpeechTranscriptionManager.swift */; };
/* End PBXBuildFile section */

/* Begin PBXFileReference section */
		01D14D9BA73EB1371BE01830 /* AppEnvironment.swift */ = {isa = PBXFileReference; includeInIndex = 1; lastKnownFileType = sourcecode.swift; name = AppEnvironment.swift; path = App/AppEnvironment.swift; sourceTree = "<group>"; };
		10BA415C1F9EFBE8E733899A /* LanguageSelectorView.swift */ = {isa = PBXFileReference; includeInIndex = 1; lastKnownFileType = sourcecode.swift; name = LanguageSelectorView.swift; path = Shared/Components/LanguageSelectorView.swift; sourceTree = "<group>"; };
		2F93B3D3E4A230BF907D43D9 /* SpeechTranscriptionManager.swift */ = {isa = PBXFileReference; includeInIndex = 1; lastKnownFileType = sourcecode.swift; name = SpeechTranscriptionManager.swift; path = Core/Speech/SpeechTranscriptionManager.swift; sourceTree = "<group>"; };
		5EED09D59665F8EC8D3E838F /* TranslationManager.swift */ = {isa = PBXFileReference; includeInIndex = 1; lastKnownFileType = sourcecode.swift; name = TranslationManager.swift; path = Core/Translation/TranslationManager.swift; sourceTree = "<group>"; };
		633E8225A7C579D26A244EDD /* Recording.swift */ = {isa = PBXFileReference; includeInIndex = 1; lastKnownFileType = sourcecode.swift; name = Recording.swift; path = Shared/Models/Recording.swift; sourceTree = "<group>"; };
		63DA48EBDA584557E81CC698 /* User.swift */ = {isa = PBXFileReference; includeInIndex = 1; lastKnownFileType = sourcecode.swift; name = User.swift; path = Shared/Models/User.swift; sourceTree = "<group>"; };
		6A17F5E98BF86E078CB61309 /* WaveformView.swift */ = {isa = PBXFileReference; includeInIndex = 1; lastKnownFileType = sourcecode.swift; name = WaveformView.swift; path = Shared/Components/WaveformView.swift; sourceTree = "<group>"; };
		91DF7CEB3935B064EB9F08C4 /* FilesTabView.swift */ = {isa = PBXFileReference; includeInIndex = 1; lastKnownFileType = sourcecode.swift; name = FilesTabView.swift; path = Modules/VoiceCore/Views/FilesTabView.swift; sourceTree = "<group>"; };
		973B5F87FAFFF384275659BA /* Transcript.swift */ = {isa = PBXFileReference; includeInIndex = 1; lastKnownFileType = sourcecode.swift; name = Transcript.swift; path = Shared/Models/Transcript.swift; sourceTree = "<group>"; };
		A20000001 /* ForgeIQApp.swift */ = {isa = PBXFileReference; lastKnownFileType = sourcecode.swift; name = ForgeIQApp.swift; path = App/ForgeIQApp.swift; sourceTree = "<group>"; };
		A20000002 /* ContentView.swift */ = {isa = PBXFileReference; lastKnownFileType = sourcecode.swift; path = ContentView.swift; sourceTree = "<group>"; };
		A20000003 /* Assets.xcassets */ = {isa = PBXFileReference; lastKnownFileType = folder.assetcatalog; path = Assets.xcassets; sourceTree = "<group>"; };
		A20000004 /* Info.plist */ = {isa = PBXFileReference; lastKnownFileType = text.plist.xml; path = Info.plist; sourceTree = "<group>"; };
		A30000001 /* ForgeIQ.app */ = {isa = PBXFileReference; explicitFileType = wrapper.application; includeInIndex = 0; path = ForgeIQ.app; sourceTree = BUILT_PRODUCTS_DIR; };
		A91E111A109AE89D53D83AF2 /* FilesViewModel.swift */ = {isa = PBXFileReference; includeInIndex = 1; lastKnownFileType = sourcecode.swift; name = FilesViewModel.swift; path = Modules/VoiceCore/ViewModels/FilesViewModel.swift; sourceTree = "<group>"; };
		AFF9A55C2EF1C2E82845E4BB /* TranscriptDetailView.swift */ = {isa = PBXFileReference; includeInIndex = 1; lastKnownFileType = sourcecode.swift; name = TranscriptDetailView.swift; path = Modules/VoiceCore/Views/TranscriptDetailView.swift; sourceTree = "<group>"; };
		C29098CC3AC565919EA9C061 /* Constants.swift */ = {isa = PBXFileReference; includeInIndex = 1; lastKnownFileType = sourcecode.swift; name = Constants.swift; path = Shared/Constants.swift; sourceTree = "<group>"; };
		EE6BE9F89DA38F5D619AEC79 /* TranscriptView.swift */ = {isa = PBXFileReference; includeInIndex = 1; lastKnownFileType = sourcecode.swift; name = TranscriptView.swift; path = Modules/VoiceCore/Views/TranscriptView.swift; sourceTree = "<group>"; };
		F5FEA49FE159A6506CE53D39 /* HomeView.swift */ = {isa = PBXFileReference; includeInIndex = 1; lastKnownFileType = sourcecode.swift; name = HomeView.swift; path = Modules/VoiceCore/Views/HomeView.swift; sourceTree = "<group>"; };
		FAF654D674765CF9D6738BD7 /* AudioRecordingManager.swift */ = {isa = PBXFileReference; includeInIndex = 1; lastKnownFileType = sourcecode.swift; name = AudioRecordingManager.swift; path = Core/Audio/AudioRecordingManager.swift; sourceTree = "<group>"; };
		FB687F0D13FB153666CAC978 /* HomeViewModel.swift */ = {isa = PBXFileReference; includeInIndex = 1; lastKnownFileType = sourcecode.swift; name = HomeViewModel.swift; path = Modules/VoiceCore/ViewModels/HomeViewModel.swift; sourceTree = "<group>"; };
/* End PBXFileReference section */

/* Begin PBXFrameworksBuildPhase section */
		A40000001 /* Frameworks */ = {
			isa = PBXFrameworksBuildPhase;
			buildActionMask = 2147483647;
			files = (
			);
			runOnlyForDeploymentPostprocessing = 0;
		};
/* End PBXFrameworksBuildPhase section */

/* Begin PBXGroup section */
		A50000001 = {
			isa = PBXGroup;
			children = (
				A50000002 /* ForgeIQ */,
				A50000003 /* Products */,
			);
			sourceTree = "<group>";
		};
		A50000002 /* ForgeIQ */ = {
			isa = PBXGroup;
			children = (
				A20000001 /* ForgeIQApp.swift */,
				A20000002 /* ContentView.swift */,
				A50000004 /* Resources */,
				01D14D9BA73EB1371BE01830 /* AppEnvironment.swift */,
				FAF654D674765CF9D6738BD7 /* AudioRecordingManager.swift */,
				2F93B3D3E4A230BF907D43D9 /* SpeechTranscriptionManager.swift */,
				5EED09D59665F8EC8D3E838F /* TranslationManager.swift */,
				A91E111A109AE89D53D83AF2 /* FilesViewModel.swift */,
				FB687F0D13FB153666CAC978 /* HomeViewModel.swift */,
				91DF7CEB3935B064EB9F08C4 /* FilesTabView.swift */,
				F5FEA49FE159A6506CE53D39 /* HomeView.swift */,
				AFF9A55C2EF1C2E82845E4BB /* TranscriptDetailView.swift */,
				EE6BE9F89DA38F5D619AEC79 /* TranscriptView.swift */,
				10BA415C1F9EFBE8E733899A /* LanguageSelectorView.swift */,
				6A17F5E98BF86E078CB61309 /* WaveformView.swift */,
				C29098CC3AC565919EA9C061 /* Constants.swift */,
				633E8225A7C579D26A244EDD /* Recording.swift */,
				973B5F87FAFFF384275659BA /* Transcript.swift */,
				63DA48EBDA584557E81CC698 /* User.swift */,
			);
			path = ForgeIQ;
			sourceTree = "<group>";
		};
		A50000003 /* Products */ = {
			isa = PBXGroup;
			children = (
				A30000001 /* ForgeIQ.app */,
			);
			name = Products;
			sourceTree = "<group>";
		};
		A50000004 /* Resources */ = {
			isa = PBXGroup;
			children = (
				A20000003 /* Assets.xcassets */,
				A20000004 /* Info.plist */,
			);
			path = Resources;
			sourceTree = "<group>";
		};
/* End PBXGroup section */

/* Begin PBXNativeTarget section */
		A60000001 /* ForgeIQ */ = {
			isa = PBXNativeTarget;
			buildConfigurationList = A70000001 /* Build configuration list for PBXNativeTarget "ForgeIQ" */;
			buildPhases = (
				A80000001 /* Sources */,
				A40000001 /* Frameworks */,
				A90000001 /* Resources */,
			);
			buildRules = (
			);
			dependencies = (
			);
			name = ForgeIQ;
			productName = ForgeIQ;
			productReference = A30000001 /* ForgeIQ.app */;
			productType = "com.apple.product-type.application";
		};
/* End PBXNativeTarget section */

/* Begin PBXProject section */
		A00000001 /* Project object */ = {
			isa = PBXProject;
			attributes = {
				BuildIndependentTargetsInParallel = 1;
				LastSwiftUpdateCheck = 1600;
				LastUpgradeCheck = 1600;
				TargetAttributes = {
					A60000001 = {
						CreatedOnToolsVersion = 16.0;
					};
				};
			};
			buildConfigurationList = A70000002 /* Build configuration list for PBXProject "ForgeIQ" */;
			compatibilityVersion = "Xcode 14.0";
			developmentRegion = en;
			hasScannedForEncodings = 0;
			knownRegions = (
				en,
				Base,
			);
			mainGroup = A50000001;
			productRefGroup = A50000003 /* Products */;
			projectDirPath = "";
			projectRoot = "";
			targets = (
				A60000001 /* ForgeIQ */,
			);
		};
/* End PBXProject section */

/* Begin PBXResourcesBuildPhase section */
		A90000001 /* Resources */ = {
			isa = PBXResourcesBuildPhase;
			buildActionMask = 2147483647;
			files = (
				A10000003 /* Assets.xcassets in Resources */,
			);
			runOnlyForDeploymentPostprocessing = 0;
		};
/* End PBXResourcesBuildPhase section */

/* Begin PBXSourcesBuildPhase section */
		A80000001 /* Sources */ = {
			isa = PBXSourcesBuildPhase;
			buildActionMask = 2147483647;
			files = (
				A10000002 /* ContentView.swift in Sources */,
				A10000001 /* ForgeIQApp.swift in Sources */,
				8F0A8DD183A68F42C11889BA /* AppEnvironment.swift in Sources */,
				601FA1B439BB229F49D24511 /* AudioRecordingManager.swift in Sources */,
				EAE5DB752799252DB03C4676 /* SpeechTranscriptionManager.swift in Sources */,
				3F5297BE733FF60DA76A7F2E /* TranslationManager.swift in Sources */,
				1B316363CEAD65B04C2B7444 /* FilesViewModel.swift in Sources */,
				A1C64DD6D35D0ECC9CE71B91 /* HomeViewModel.swift in Sources */,
				140994225D709BD8F842C6AD /* FilesTabView.swift in Sources */,
				CDC954BEF2DC6EE0764558DE /* HomeView.swift in Sources */,
				410619A7E15252E1D093A443 /* TranscriptDetailView.swift in Sources */,
				9A32F2FE615B5635C9D2D536 /* TranscriptView.swift in Sources */,
				616E1A7C5136B5D79D1900C2 /* LanguageSelectorView.swift in Sources */,
				E7E19B52FE5CF946F0A13B43 /* WaveformView.swift in Sources */,
				C12F1B35EEF6D55D5686486A /* Constants.swift in Sources */,
				A1287D0B0D66C2CC26CEE62F /* Recording.swift in Sources */,
				E167E59B2EE02554BF19B62F /* Transcript.swift in Sources */,
				542BA0798965907613B0456D /* User.swift in Sources */,
			);
			runOnlyForDeploymentPostprocessing = 0;
		};
/* End PBXSourcesBuildPhase section */

/* Begin XCBuildConfiguration section */
		A70000003 /* Debug */ = {
			isa = XCBuildConfiguration;
			buildSettings = {
				ALWAYS_SEARCH_USER_PATHS = NO;
				ASSETCATALOG_COMPILER_GENERATE_SWIFT_ASSET_SYMBOL_EXTENSIONS = YES;
				CLANG_ANALYZER_NONNULL = YES;
				CLANG_ANALYZER_NUMBER_OBJECT_CONVERSION = YES_AGGRESSIVE;
				CLANG_CXX_LANGUAGE_STANDARD = "gnu++20";
				CLANG_ENABLE_MODULES = YES;
				CLANG_ENABLE_OBJC_ARC = YES;
				CLANG_ENABLE_OBJC_WEAK = YES;
				CLANG_WARN_BLOCK_CAPTURE_AUTORELEASING = YES;
				CLANG_WARN_BOOL_CONVERSION = YES;
				CLANG_WARN_COMMA = YES;
				CLANG_WARN_CONSTANT_CONVERSION = YES;
				CLANG_WARN_DEPRECATED_OBJC_IMPLEMENTATIONS = YES;
				CLANG_WARN_DIRECT_OBJC_ISA_USAGE = YES_ERROR;
				CLANG_WARN_DOCUMENTATION_COMMENTS = YES;
				CLANG_WARN_EMPTY_BODY = YES;
				CLANG_WARN_ENUM_CONVERSION = YES;
				CLANG_WARN_INFINITE_RECURSION = YES;
				CLANG_WARN_INT_CONVERSION = YES;
				CLANG_WARN_NON_LITERAL_NULL_CONVERSION = YES;
				CLANG_WARN_OBJC_IMPLICIT_RETAIN_SELF = YES;
				CLANG_WARN_OBJC_LITERAL_CONVERSION = YES;
				CLANG_WARN_OBJC_ROOT_CLASS = YES_ERROR;
				CLANG_WARN_QUOTED_INCLUDE_IN_FRAMEWORK_HEADER = YES;
				CLANG_WARN_RANGE_LOOP_ANALYSIS = YES;
				CLANG_WARN_STRICT_PROTOTYPES = YES;
				CLANG_WARN_SUSPICIOUS_MOVE = YES;
				CLANG_WARN_UNGUARDED_AVAILABILITY = YES_AGGRESSIVE;
				CLANG_WARN_UNREACHABLE_CODE = YES;
				CLANG_WARN__DUPLICATE_METHOD_MATCH = YES;
				COPY_PHASE_STRIP = NO;
				DEBUG_INFORMATION_FORMAT = dwarf;
				ENABLE_STRICT_OBJC_MSGSEND = YES;
				ENABLE_TESTABILITY = YES;
				ENABLE_USER_SCRIPT_SANDBOXING = YES;
				GCC_C_LANGUAGE_STANDARD = gnu17;
				GCC_DYNAMIC_NO_PIC = NO;
				GCC_NO_COMMON_BLOCKS = YES;
				GCC_OPTIMIZATION_LEVEL = 0;
				GCC_PREPROCESSOR_DEFINITIONS = (
					"DEBUG=1",
					"$(inherited)",
				);
				GCC_WARN_64_TO_32_BIT_CONVERSION = YES;
				GCC_WARN_ABOUT_RETURN_TYPE = YES_ERROR;
				GCC_WARN_UNDECLARED_SELECTOR = YES;
				GCC_WARN_UNINITIALIZED_AUTOS = YES_AGGRESSIVE;
				GCC_WARN_UNUSED_FUNCTION = YES;
				GCC_WARN_UNUSED_VARIABLE = YES;
				IPHONEOS_DEPLOYMENT_TARGET = 17.0;
				LOCALIZATION_PREFERS_STRING_CATALOGS = YES;
				MTL_ENABLE_DEBUG_INFO = INCLUDE_SOURCE;
				MTL_FAST_MATH = YES;
				ONLY_ACTIVE_ARCH = YES;
				SDKROOT = iphoneos;
				SWIFT_ACTIVE_COMPILATION_CONDITIONS = "DEBUG $(inherited)";
				SWIFT_OPTIMIZATION_LEVEL = "-Onone";
			};
			name = Debug;
		};
		A70000004 /* Release */ = {
			isa = XCBuildConfiguration;
			buildSettings = {
				ALWAYS_SEARCH_USER_PATHS = NO;
				ASSETCATALOG_COMPILER_GENERATE_SWIFT_ASSET_SYMBOL_EXTENSIONS = YES;
				CLANG_ANALYZER_NONNULL = YES;
				CLANG_ANALYZER_NUMBER_OBJECT_CONVERSION = YES_AGGRESSIVE;
				CLANG_CXX_LANGUAGE_STANDARD = "gnu++20";
				CLANG_ENABLE_MODULES = YES;
				CLANG_ENABLE_OBJC_ARC = YES;
				CLANG_ENABLE_OBJC_WEAK = YES;
				CLANG_WARN_BLOCK_CAPTURE_AUTORELEASING = YES;
				CLANG_WARN_BOOL_CONVERSION = YES;
				CLANG_WARN_COMMA = YES;
				CLANG_WARN_CONSTANT_CONVERSION = YES;
				CLANG_WARN_DEPRECATED_OBJC_IMPLEMENTATIONS = YES;
				CLANG_WARN_DIRECT_OBJC_ISA_USAGE = YES_ERROR;
				CLANG_WARN_DOCUMENTATION_COMMENTS = YES;
				CLANG_WARN_EMPTY_BODY = YES;
				CLANG_WARN_ENUM_CONVERSION = YES;
				CLANG_WARN_INFINITE_RECURSION = YES;
				CLANG_WARN_INT_CONVERSION = YES;
				CLANG_WARN_NON_LITERAL_NULL_CONVERSION = YES;
				CLANG_WARN_OBJC_IMPLICIT_RETAIN_SELF = YES;
				CLANG_WARN_OBJC_LITERAL_CONVERSION = YES;
				CLANG_WARN_OBJC_ROOT_CLASS = YES_ERROR;
				CLANG_WARN_QUOTED_INCLUDE_IN_FRAMEWORK_HEADER = YES;
				CLANG_WARN_RANGE_LOOP_ANALYSIS = YES;
				CLANG_WARN_STRICT_PROTOTYPES = YES;
				CLANG_WARN_SUSPICIOUS_MOVE = YES;
				CLANG_WARN_UNGUARDED_AVAILABILITY = YES_AGGRESSIVE;
				CLANG_WARN_UNREACHABLE_CODE = YES;
				CLANG_WARN__DUPLICATE_METHOD_MATCH = YES;
				COPY_PHASE_STRIP = NO;
				DEBUG_INFORMATION_FORMAT = "dwarf-with-dsym";
				ENABLE_NS_ASSERTIONS = NO;
				ENABLE_STRICT_OBJC_MSGSEND = YES;
				ENABLE_USER_SCRIPT_SANDBOXING = YES;
				GCC_C_LANGUAGE_STANDARD = gnu17;
				GCC_NO_COMMON_BLOCKS = YES;
				GCC_WARN_64_TO_32_BIT_CONVERSION = YES;
				GCC_WARN_ABOUT_RETURN_TYPE = YES_ERROR;
				GCC_WARN_UNDECLARED_SELECTOR = YES;
				GCC_WARN_UNINITIALIZED_AUTOS = YES_AGGRESSIVE;
				GCC_WARN_UNUSED_FUNCTION = YES;
				GCC_WARN_UNUSED_VARIABLE = YES;
				IPHONEOS_DEPLOYMENT_TARGET = 17.0;
				LOCALIZATION_PREFERS_STRING_CATALOGS = YES;
				MTL_ENABLE_DEBUG_INFO = NO;
				MTL_FAST_MATH = YES;
				SDKROOT = iphoneos;
				SWIFT_COMPILATION_MODE = wholemodule;
				VALIDATE_PRODUCT = YES;
			};
			name = Release;
		};
		A70000005 /* Debug */ = {
			isa = XCBuildConfiguration;
			buildSettings = {
				ASSETCATALOG_COMPILER_APPICON_NAME = AppIcon;
				ASSETCATALOG_COMPILER_GLOBAL_ACCENT_COLOR_NAME = AccentColor;
				CODE_SIGN_STYLE = Automatic;
				CURRENT_PROJECT_VERSION = 1;
				DEVELOPMENT_ASSET_PATHS = "";
				DEVELOPMENT_TEAM = "";
				ENABLE_PREVIEWS = YES;
				GENERATE_INFOPLIST_FILE = NO;
				INFOPLIST_FILE = ForgeIQ/Resources/Info.plist;
				INFOPLIST_KEY_UIApplicationSceneManifest_Generation = YES;
				INFOPLIST_KEY_UIApplicationSupportsIndirectInputEvents = YES;
				INFOPLIST_KEY_UILaunchScreen_Generation = YES;
				INFOPLIST_KEY_UISupportedInterfaceOrientations = UIInterfaceOrientationPortrait;
				INFOPLIST_KEY_UISupportedInterfaceOrientations_iPad = "UIInterfaceOrientationLandscapeLeft UIInterfaceOrientationLandscapeRight UIInterfaceOrientationPortrait UIInterfaceOrientationPortraitUpsideDown";
				IPHONEOS_DEPLOYMENT_TARGET = 17.0;
				LD_RUNPATH_SEARCH_PATHS = (
					"$(inherited)",
					"@executable_path/Frameworks",
				);
				MARKETING_VERSION = 1.0;
				PRODUCT_BUNDLE_IDENTIFIER = ai.alviz.forgeiq;
				PRODUCT_NAME = "$(TARGET_NAME)";
				SUPPORTED_PLATFORMS = "iphoneos iphonesimulator";
				SUPPORTS_MACCATALYST = NO;
				SWIFT_EMIT_LOC_STRINGS = YES;
				SWIFT_VERSION = 5.0;
				TARGETED_DEVICE_FAMILY = 1;
			};
			name = Debug;
		};
		A70000006 /* Release */ = {
			isa = XCBuildConfiguration;
			buildSettings = {
				ASSETCATALOG_COMPILER_APPICON_NAME = AppIcon;
				ASSETCATALOG_COMPILER_GLOBAL_ACCENT_COLOR_NAME = AccentColor;
				CODE_SIGN_STYLE = Automatic;
				CURRENT_PROJECT_VERSION = 1;
				DEVELOPMENT_ASSET_PATHS = "";
				DEVELOPMENT_TEAM = "";
				ENABLE_PREVIEWS = YES;
				GENERATE_INFOPLIST_FILE = NO;
				INFOPLIST_FILE = ForgeIQ/Resources/Info.plist;
				INFOPLIST_KEY_UIApplicationSceneManifest_Generation = YES;
				INFOPLIST_KEY_UIApplicationSupportsIndirectInputEvents = YES;
				INFOPLIST_KEY_UILaunchScreen_Generation = YES;
				INFOPLIST_KEY_UISupportedInterfaceOrientations = UIInterfaceOrientationPortrait;
				INFOPLIST_KEY_UISupportedInterfaceOrientations_iPad = "UIInterfaceOrientationLandscapeLeft UIInterfaceOrientationLandscapeRight UIInterfaceOrientationPortrait UIInterfaceOrientationPortraitUpsideDown";
				IPHONEOS_DEPLOYMENT_TARGET = 17.0;
				LD_RUNPATH_SEARCH_PATHS = (
					"$(inherited)",
					"@executable_path/Frameworks",
				);
				MARKETING_VERSION = 1.0;
				PRODUCT_BUNDLE_IDENTIFIER = ai.alviz.forgeiq;
				PRODUCT_NAME = "$(TARGET_NAME)";
				SUPPORTED_PLATFORMS = "iphoneos iphonesimulator";
				SUPPORTS_MACCATALYST = NO;
				SWIFT_EMIT_LOC_STRINGS = YES;
				SWIFT_VERSION = 5.0;
				TARGETED_DEVICE_FAMILY = 1;
			};
			name = Release;
		};
/* End XCBuildConfiguration section */

/* Begin XCConfigurationList section */
		A70000001 /* Build configuration list for PBXNativeTarget "ForgeIQ" */ = {
			isa = XCConfigurationList;
			buildConfigurations = (
				A70000005 /* Debug */,
				A70000006 /* Release */,
			);
			defaultConfigurationIsVisible = 0;
			defaultConfigurationName = Release;
		};
		A70000002 /* Build configuration list for PBXProject "ForgeIQ" */ = {
			isa = XCConfigurationList;
			buildConfigurations = (
				A70000003 /* Debug */,
				A70000004 /* Release */,
			);
			defaultConfigurationIsVisible = 0;
			defaultConfigurationName = Release;
		};
/* End XCConfigurationList section */
	};
	rootObject = A00000001 /* Project object */;
}
